// !$*UTF8*$!
{
	archiveVersion = 1;
	classes = {
	};
	objectVersion = 46;
	objects = {

/* Begin PBXBuildFile section */
		BE71F21B1F5FC3E50020E606 /* AppDelegate.swift in Sources */ = {isa = PBXBuildFile; fileRef = BE71F21A1F5FC3E50020E606 /* AppDelegate.swift */; };
		BE71F21D1F5FC3E50020E606 /* ViewController.swift in Sources */ = {isa = PBXBuildFile; fileRef = BE71F21C1F5FC3E50020E606 /* ViewController.swift */; };
		BE71F2201F5FC3E50020E606 /* Main.storyboard in Resources */ = {isa = PBXBuildFile; fileRef = BE71F21E1F5FC3E50020E606 /* Main.storyboard */; };
		BE71F2231F5FC3E50020E606 /* videoPlayer.xcdatamodeld in Sources */ = {isa = PBXBuildFile; fileRef = BE71F2211F5FC3E50020E606 /* videoPlayer.xcdatamodeld */; };
		BE71F2251F5FC3E50020E606 /* Assets.xcassets in Resources */ = {isa = PBXBuildFile; fileRef = BE71F2241F5FC3E50020E606 /* Assets.xcassets */; };
		BE71F2281F5FC3E50020E606 /* LaunchScreen.storyboard in Resources */ = {isa = PBXBuildFile; fileRef = BE71F2261F5FC3E50020E606 /* LaunchScreen.storyboard */; };
/* End PBXBuildFile section */

/* Begin PBXFileReference section */
		BE71F2171F5FC3E50020E606 /* videoPlayer.app */ = {isa = PBXFileReference; explicitFileType = wrapper.application; includeInIndex = 0; path = videoPlayer.app; sourceTree = BUILT_PRODUCTS_DIR; };
		BE71F21A1F5FC3E50020E606 /* AppDelegate.swift */ = {isa = PBXFileReference; lastKnownFileType = sourcecode.swift; path = AppDelegate.swift; sourceTree = "<group>"; };
		BE71F21C1F5FC3E50020E606 /* ViewController.swift */ = {isa = PBXFileReference; lastKnownFileType = sourcecode.swift; path = ViewController.swift; sourceTree = "<group>"; };
		BE71F21F1F5FC3E50020E606 /* Base */ = {isa = PBXFileReference; lastKnownFileType = file.storyboard; name = Base; path = Base.lproj/Main.storyboard; sourceTree = "<group>"; };
		BE71F2221F5FC3E50020E606 /* videoPlayer.xcdatamodel */ = {isa = PBXFileReference; lastKnownFileType = wrapper.xcdatamodel; path = videoPlayer.xcdatamodel; sourceTree = "<group>"; };
		BE71F2241F5FC3E50020E606 /* Assets.xcassets */ = {isa = PBXFileReference; lastKnownFileType = folder.assetcatalog; path = Assets.xcassets; sourceTree = "<group>"; };
		BE71F2271F5FC3E50020E606 /* Base */ = {isa = PBXFileReference; lastKnownFileType = file.storyboard; name = Base; path = Base.lproj/LaunchScreen.storyboard; sourceTree = "<group>"; };
		BE71F2291F5FC3E50020E606 /* Info.plist */ = {isa = PBXFileReference; lastKnownFileType = text.plist.xml; path = Info.plist; sourceTree = "<group>"; };
/* End PBXFileReference section */

/* Begin PBXFrameworksBuildPhase section */
		BE71F2141F5FC3E50020E606 /* Frameworks */ = {
			isa = PBXFrameworksBuildPhase;
			buildActionMask = 2147483647;
			files = (
			);
			runOnlyForDeploymentPostprocessing = 0;
		};
/* End PBXFrameworksBuildPhase section */

/* Begin PBXGroup section */
		BE71F20E1F5FC3E50020E606 = {
			isa = PBXGroup;
			children = (
				BE71F2191F5FC3E50020E606 /* videoPlayer */,
				BE71F2181F5FC3E50020E606 /* Products */,
			);
			sourceTree = "<group>";
		};
		BE71F2181F5FC3E50020E606 /* Products */ = {
			isa = PBXGroup;
			children = (
				BE71F2171F5FC3E50020E606 /* videoPlayer.app */,
			);
			name = Products;
			sourceTree = "<group>";
		};
		BE71F2191F5FC3E50020E606 /* videoPlayer */ = {
			isa = PBXGroup;
			children = (
				BE71F21A1F5FC3E50020E606 /* AppDelegate.swift */,
				BE71F21C1F5FC3E50020E606 /* ViewController.swift */,
				BE71F21E1F5FC3E50020E606 /* Main.storyboard */,
				BE71F2241F5FC3E50020E606 /* Assets.xcassets */,
				BE71F2261F5FC3E50020E606 /* LaunchScreen.storyboard */,
				BE71F2291F5FC3E50020E606 /* Info.plist */,
				BE71F2211F5FC3E50020E606 /* videoPlayer.xcdatamodeld */,
			);
			path = videoPlayer;
			sourceTree = "<group>";
		};
/* End PBXGroup section */

/* Begin PBXNativeTarget section */
		BE71F2161F5FC3E50020E606 /* videoPlayer */ = {
			isa = PBXNativeTarget;
			buildConfigurationList = BE71F22C1F5FC3E50020E606 /* Build configuration list for PBXNativeTarget "videoPlayer" */;
			buildPhases = (
				BE71F2131F5FC3E50020E606 /* Sources */,
				BE71F2141F5FC3E50020E606 /* Frameworks */,
				BE71F2151F5FC3E50020E606 /* Resources */,
			);
			buildRules = (
			);
			dependencies = (
			);
			name = videoPlayer;
			productName = videoPlayer;
			productReference = BE71F2171F5FC3E50020E606 /* videoPlayer.app */;
			productType = "com.apple.product-type.application";
		};
/* End PBXNativeTarget section */

/* Begin PBXProject section */
		BE71F20F1F5FC3E50020E606 /* Project object */ = {
			isa = PBXProject;
			attributes = {
				LastSwiftUpdateCheck = 0830;
				LastUpgradeCheck = 0830;
				ORGANIZATIONNAME = hulk;
				TargetAttributes = {
					BE71F2161F5FC3E50020E606 = {
						CreatedOnToolsVersion = 8.3.3;
						DevelopmentTeam = TF66DCXK88;
						ProvisioningStyle = Automatic;
					};
				};
			};
			buildConfigurationList = BE71F2121F5FC3E50020E606 /* Build configuration list for PBXProject "videoPlayer" */;
			compatibilityVersion = "Xcode 3.2";
			developmentRegion = English;
			hasScannedForEncodings = 0;
			knownRegions = (
				en,
				Base,
			);
			mainGroup = BE71F20E1F5FC3E50020E606;
			productRefGroup = BE71F2181F5FC3E50020E606 /* Products */;
			projectDirPath = "";
			projectRoot = "";
			targets = (
				BE71F2161F5FC3E50020E606 /* videoPlayer */,
			);
		};
/* End PBXProject section */

/* Begin PBXResourcesBuildPhase section */
		BE71F2151F5FC3E50020E606 /* Resources */ = {
			isa = PBXResourcesBuildPhase;
			buildActionMask = 2147483647;
			files = (
				BE71F2281F5FC3E50020E606 /* LaunchScreen.storyboard in Resources */,
				BE71F2251F5FC3E50020E606 /* Assets.xcassets in Resources */,
				BE71F2201F5FC3E50020E606 /* Main.storyboard in Resources */,
			);
			runOnlyForDeploymentPostprocessing = 0;
		};
/* End PBXResourcesBuildPhase section */

/* Begin PBXSourcesBuildPhase section */
		BE71F2131F5FC3E50020E606 /* Sources */ = {
			isa = PBXSourcesBuildPhase;
			buildActionMask = 2147483647;
			files = (
				BE71F2231F5FC3E50020E606 /* videoPlayer.xcdatamodeld in Sources */,
				BE71F21D1F5FC3E50020E606 /* ViewController.swift in Sources */,
				BE71F21B1F5FC3E50020E606 /* AppDelegate.swift in Sources */,
			);
			runOnlyForDeploymentPostprocessing = 0;
		};
/* End PBXSourcesBuildPhase section */

/* Begin PBXVariantGroup section */
		BE71F21E1F5FC3E50020E606 /* Main.storyboard */ = {
			isa = PBXVariantGroup;
			children = (
				BE71F21F1F5FC3E50020E606 /* Base */,
			);
			name = Main.storyboard;
			sourceTree = "<group>";
		};
		BE71F2261F5FC3E50020E606 /* LaunchScreen.storyboard */ = {
			isa = PBXVariantGroup;
			children = (
				BE71F2271F5FC3E50020E606 /* Base */,
			);
			name = LaunchScreen.storyboard;
			sourceTree = "<group>";
		};
/* End PBXVariantGroup section */

/* Begin XCBuildConfiguration section */
		BE71F22A1F5FC3E50020E606 /* Debug */ = {
			isa = XCBuildConfiguration;
			buildSettings = {
				ALWAYS_SEARCH_USER_PATHS = NO;
				CLANG_ANALYZER_NONNULL = YES;
				CLANG_ANALYZER_NUMBER_OBJECT_CONVERSION = YES_AGGRESSIVE;
				CLANG_CXX_LANGUAGE_STANDARD = "gnu++0x";
				CLANG_CXX_LIBRARY = "libc++";
				CLANG_ENABLE_MODULES = YES;
				CLANG_ENABLE_OBJC_ARC = YES;
				CLANG_WARN_BOOL_CONVERSION = YES;
				CLANG_WARN_CONSTANT_CONVERSION = YES;
				CLANG_WARN_DIRECT_OBJC_ISA_USAGE = YES_ERROR;
				CLANG_WARN_DOCUMENTATION_COMMENTS = YES;
				CLANG_WARN_EMPTY_BODY = YES;
				CLANG_WARN_ENUM_CONVERSION = YES;
				CLANG_WARN_INFINITE_RECURSION = YES;
				CLANG_WARN_INT_CONVERSION = YES;
				CLANG_WARN_OBJC_ROOT_CLASS = YES_ERROR;
				CLANG_WARN_SUSPICIOUS_MOVE = YES;
				CLANG_WARN_UNREACHABLE_CODE = YES;
				CLANG_WARN__DUPLICATE_METHOD_MATCH = YES;
				"CODE_SIGN_IDENTITY[sdk=iphoneos*]" = "iPhone Developer";
				COPY_PHASE_STRIP = NO;
				DEBUG_INFORMATION_FORMAT = dwarf;
				ENABLE_STRICT_OBJC_MSGSEND = YES;
				ENABLE_TESTABILITY = YES;
				GCC_C_LANGUAGE_STANDARD = gnu99;
				GCC_DYNAMIC_NO_PIC = NO;
				GCC_NO_COMMON_BLOCKS = YES;
				GCC_OPTIMIZATION_LEVEL = 0;
				GCC_PREPROCESSOR_DEFINITIONS = (
					"DEBUG=1",
					"$(inherited)",
				);
				GCC_WARN_64_TO_32_BIT_CONVERSION = YES;
				GCC_WARN_ABOUT_RETURN_TYPE = YES_ERROR;
				GCC_WARN_UNDECLARED_SELECTOR = YES;
				GCC_WARN_UNINITIALIZED_AUTOS = YES_AGGRESSIVE;
				GCC_WARN_UNUSED_FUNCTION = YES;
				GCC_WARN_UNUSED_VARIABLE = YES;
				IPHONEOS_DEPLOYMENT_TARGET = 10.3;
				MTL_ENABLE_DEBUG_INFO = YES;
				ONLY_ACTIVE_ARCH = YES;
				SDKROOT = iphoneos;
				SWIFT_ACTIVE_COMPILATION_CONDITIONS = DEBUG;
				SWIFT_OPTIMIZATION_LEVEL = "-Onone";
			};
			name = Debug;
		};
		BE71F22B1F5FC3E50020E606 /* Release */ = {
			isa = XCBuildConfiguration;
			buildSettings = {
				ALWAYS_SEARCH_USER_PATHS = NO;
				CLANG_ANALYZER_NONNULL = YES;
				CLANG_ANALYZER_NUMBER_OBJECT_CONVERSION = YES_AGGRESSIVE;
				CLANG_CXX_LANGUAGE_STANDARD = "gnu++0x";
				CLANG_CXX_LIBRARY = "libc++";
				CLANG_ENABLE_MODULES = YES;
				CLANG_ENABLE_OBJC_ARC = YES;
				CLANG_WARN_BOOL_CONVERSION = YES;
				CLANG_WARN_CONSTANT_CONVERSION = YES;
				CLANG_WARN_DIRECT_OBJC_ISA_USAGE = YES_ERROR;
				CLANG_WARN_DOCUMENTATION_COMMENTS = YES;
				CLANG_WARN_EMPTY_BODY = YES;
				CLANG_WARN_ENUM_CONVERSION = YES;
				CLANG_WARN_INFINITE_RECURSION = YES;
				CLANG_WARN_INT_CONVERSION = YES;
				CLANG_WARN_OBJC_ROOT_CLASS = YES_ERROR;
				CLANG_WARN_SUSPICIOUS_MOVE = YES;
				CLANG_WARN_UNREACHABLE_CODE = YES;
				CLANG_WARN__DUPLICATE_METHOD_MATCH = YES;
				"CODE_SIGN_IDENTITY[sdk=iphoneos*]" = "iPhone Developer";
				COPY_PHASE_STRIP = NO;
				DEBUG_INFORMATION_FORMAT = "dwarf-with-dsym";
				ENABLE_NS_ASSERTIONS = NO;
				ENABLE_STRICT_OBJC_MSGSEND = YES;
				GCC_C_LANGUAGE_STANDARD = gnu99;
				GCC_NO_COMMON_BLOCKS = YES;
				GCC_WARN_64_TO_32_BIT_CONVERSION = YES;
				GCC_WARN_ABOUT_RETURN_TYPE = YES_ERROR;
				GCC_WARN_UNDECLARED_SELECTOR = YES;
				GCC_WARN_UNINITIALIZED_AUTOS = YES_AGGRESSIVE;
				GCC_WARN_UNUSED_FUNCTION = YES;
				GCC_WARN_UNUSED_VARIABLE = YES;
				IPHONEOS_DEPLOYMENT_TARGET = 10.3;
				MTL_ENABLE_DEBUG_INFO = NO;
				SDKROOT = iphoneos;
				SWIFT_OPTIMIZATION_LEVEL = "-Owholemodule";
				VALIDATE_PRODUCT = YES;
			};
			name = Release;
		};
		BE71F22D1F5FC3E50020E606 /* Debug */ = {
			isa = XCBuildConfiguration;
			buildSettings = {
				ASSETCATALOG_COMPILER_APPICON_NAME = AppIcon;
				DEVELOPMENT_TEAM = TF66DCXK88;
				INFOPLIST_FILE = videoPlayer/Info.plist;
				LD_RUNPATH_SEARCH_PATHS = "$(inherited) @executable_path/Frameworks";
				PRODUCT_BUNDLE_IDENTIFIER = hulk10425.videoPlayer;
				PRODUCT_NAME = "$(TARGET_NAME)";
				SWIFT_VERSION = 3.0;
			};
			name = Debug;
		};
		BE71F22E1F5FC3E50020E606 /* Release */ = {
			isa = XCBuildConfiguration;
			buildSettings = {
				ASSETCATALOG_COMPILER_APPICON_NAME = AppIcon;
				DEVELOPMENT_TEAM = TF66DCXK88;
				INFOPLIST_FILE = videoPlayer/Info.plist;
				LD_RUNPATH_SEARCH_PATHS = "$(inherited) @executable_path/Frameworks";
				PRODUCT_BUNDLE_IDENTIFIER = hulk10425.videoPlayer;
				PRODUCT_NAME = "$(TARGET_NAME)";
				SWIFT_VERSION = 3.0;
			};
			name = Release;
		};
/* End XCBuildConfiguration section */

/* Begin XCConfigurationList section */
		BE71F2121F5FC3E50020E606 /* Build configuration list for PBXProject "videoPlayer" */ = {
			isa = XCConfigurationList;
			buildConfigurations = (
				BE71F22A1F5FC3E50020E606 /* Debug */,
				BE71F22B1F5FC3E50020E606 /* Release */,
			);
			defaultConfigurationIsVisible = 0;
			defaultConfigurationName = Release;
		};
		BE71F22C1F5FC3E50020E606 /* Build configuration list for PBXNativeTarget "videoPlayer" */ = {
			isa = XCConfigurationList;
			buildConfigurations = (
				BE71F22D1F5FC3E50020E606 /* Debug */,
				BE71F22E1F5FC3E50020E606 /* Release */,
			);
			defaultConfigurationIsVisible = 0;
		};
/* End XCConfigurationList section */

/* Begin XCVersionGroup section */
		BE71F2211F5FC3E50020E606 /* videoPlayer.xcdatamodeld */ = {
			isa = XCVersionGroup;
			children = (
				BE71F2221F5FC3E50020E606 /* videoPlayer.xcdatamodel */,
			);
			currentVersion = BE71F2221F5FC3E50020E606 /* videoPlayer.xcdatamodel */;
			path = videoPlayer.xcdatamodeld;
			sourceTree = "<group>";
			versionGroupType = wrapper.xcdatamodel;
		};
/* End XCVersionGroup section */
	};
	rootObject = BE71F20F1F5FC3E50020E606 /* Project object */;
}
